
Microsoft Visual Studio Solution File, Format Version 12.00
# Visual Studio Version 16
VisualStudioVersion = 16.0.29905.134
MinimumVisualStudioVersion = 10.0.40219.1
Project("{9A19103F-16F7-4668-BE54-9A1E7A4F7556}") = "App", "App\App.csproj", "{96C727BE-14F3-4B6D-BE8E-0979B569E33A}"
EndProject
Project("{2150E333-8FDC-42A3-9474-1A3956D46DE8}") = "Solution Items", "Solution Items", "{F4B347C3-F812-4CCF-9864-D5795C78ECFD}"
	ProjectSection(SolutionItems) = preProject
		README.md = README.md
	EndProjectSection
EndProject
Global
	GlobalSection(SolutionConfigurationPlatforms) = preSolution
		Debug|Any CPU = Debug|Any CPU
		Release|Any CPU = Release|Any CPU
	EndGlobalSection
	GlobalSection(ProjectConfigurationPlatforms) = postSolution
		{96C727BE-14F3-4B6D-BE8E-0979B569E33A}.Debug|Any CPU.ActiveCfg = Debug|Any CPU
		{96C727BE-14F3-4B6D-BE8E-0979B569E33A}.Debug|Any CPU.Build.0 = Debug|Any CPU
		{96C727BE-14F3-4B6D-BE8E-0979B569E33A}.Release|Any CPU.ActiveCfg = Release|Any CPU
		{96C727BE-14F3-4B6D-BE8E-0979B569E33A}.Release|Any CPU.Build.0 = Release|Any CPU
	EndGlobalSection
	GlobalSection(SolutionProperties) = preSolution
		HideSolutionNode = FALSE
	EndGlobalSection
	GlobalSection(ExtensibilityGlobals) = postSolution
		SolutionGuid = {DF781F66-597F-40E1-A504-DAA5A9B0D2A1}
	EndGlobalSection
EndGlobal
